
Microsoft Visual Studio Solution File, Format Version 12.00
# Visual Studio 15
VisualStudioVersion = 15.0.27130.2027
MinimumVisualStudioVersion = 10.0.40219.1
Project("{FAE04EC0-301F-11D3-BF4B-00C04F79EFBC}") = "Objects", "Objects\Objects.csproj", "{05856182-6242-4052-B7BD-BD2383261E51}"
EndProject
Global
	GlobalSection(SolutionConfigurationPlatforms) = preSolution
		Debug|Any CPU = Debug|Any CPU
		Release|Any CPU = Release|Any CPU
	EndGlobalSection
	GlobalSection(ProjectConfigurationPlatforms) = postSolution
		{05856182-6242-4052-B7BD-BD2383261E51}.Debug|Any CPU.ActiveCfg = Debug|Any CPU
		{05856182-6242-4052-B7BD-BD2383261E51}.Debug|Any CPU.Build.0 = Debug|Any CPU
		{05856182-6242-4052-B7BD-BD2383261E51}.Release|Any CPU.ActiveCfg = Release|Any CPU
		{05856182-6242-4052-B7BD-BD2383261E51}.Release|Any CPU.Build.0 = Release|Any CPU
	EndGlobalSection
	GlobalSection(SolutionProperties) = preSolution
		HideSolutionNode = FALSE
	EndGlobalSection
	GlobalSection(ExtensibilityGlobals) = postSolution
		SolutionGuid = {F979B4D7-4D07-4362-B280-A8DEE8C93E9C}
	EndGlobalSection
EndGlobal
